
Microsoft Visual Studio Solution File, Format Version 12.00
# Visual Studio 14
VisualStudioVersion = 14.0.25420.1
MinimumVisualStudioVersion = 10.0.40219.1
Project("{FAE04EC0-301F-11D3-BF4B-00C04F79EFBC}") = "Inalambrica_UNIDEG", "Inalambrica UNIDEG\Inalambrica_UNIDEG\Inalambrica_UNIDEG.csproj", "{AC73C804-A7FF-4204-9737-CBB87AE002A5}"
EndProject
Project("{FAE04EC0-301F-11D3-BF4B-00C04F79EFBC}") = "Inalambrica_UNIDEG.Droid", "Inalambrica UNIDEG\Inalambrica_UNIDEG.Droid\Inalambrica_UNIDEG.Droid.csproj", "{CE97F631-27B5-47E3-8BBC-225A64408677}"
EndProject
Project("{FAE04EC0-301F-11D3-BF4B-00C04F79EFBC}") = "Inalambrica_UNIDEG.iOS", "Inalambrica UNIDEG\Inalambrica_UNIDEG.iOS\Inalambrica_UNIDEG.iOS.csproj", "{88BE0028-0883-4AFF-96F6-4B8689C79A32}"
EndProject
Project("{FAE04EC0-301F-11D3-BF4B-00C04F79EFBC}") = "Inalambrica_UNIDEG.WinPhone", "Inalambrica UNIDEG\Inalambrica_UNIDEG.WinPhone\Inalambrica_UNIDEG.WinPhone.csproj", "{B5BEC3E6-66C0-4E82-8527-54FF863E9220}"
EndProject
Project("{FAE04EC0-301F-11D3-BF4B-00C04F79EFBC}") = "Inalambrica_UNIDEG.UWP", "Inalambrica UNIDEG\Inalambrica_UNIDEG.UWP\Inalambrica_UNIDEG.UWP.csproj", "{3A021FD3-8A9A-4849-A43A-58F5A77CDD99}"
EndProject
Project("{FAE04EC0-301F-11D3-BF4B-00C04F79EFBC}") = "Inalambrica_UNIDEG.Windows", "Inalambrica UNIDEG\Inalambrica_UNIDEG.Windows\Inalambrica_UNIDEG.Windows.csproj", "{C5B34D3C-9FB3-4A1F-88E3-88338FAE1DBB}"
EndProject
Global
	GlobalSection(SolutionConfigurationPlatforms) = preSolution
		Ad-Hoc|Any CPU = Ad-Hoc|Any CPU
		Ad-Hoc|ARM = Ad-Hoc|ARM
		Ad-Hoc|iPhone = Ad-Hoc|iPhone
		Ad-Hoc|iPhoneSimulator = Ad-Hoc|iPhoneSimulator
		Ad-Hoc|x64 = Ad-Hoc|x64
		Ad-Hoc|x86 = Ad-Hoc|x86
		AppStore|Any CPU = AppStore|Any CPU
		AppStore|ARM = AppStore|ARM
		AppStore|iPhone = AppStore|iPhone
		AppStore|iPhoneSimulator = AppStore|iPhoneSimulator
		AppStore|x64 = AppStore|x64
		AppStore|x86 = AppStore|x86
		Debug|Any CPU = Debug|Any CPU
		Debug|ARM = Debug|ARM
		Debug|iPhone = Debug|iPhone
		Debug|iPhoneSimulator = Debug|iPhoneSimulator
		Debug|x64 = Debug|x64
		Debug|x86 = Debug|x86
		Release|Any CPU = Release|Any CPU
		Release|ARM = Release|ARM
		Release|iPhone = Release|iPhone
		Release|iPhoneSimulator = Release|iPhoneSimulator
		Release|x64 = Release|x64
		Release|x86 = Release|x86
	EndGlobalSection
	GlobalSection(ProjectConfigurationPlatforms) = postSolution
		{AC73C804-A7FF-4204-9737-CBB87AE002A5}.Ad-Hoc|Any CPU.ActiveCfg = Release|Any CPU
		{AC73C804-A7FF-4204-9737-CBB87AE002A5}.Ad-Hoc|Any CPU.Build.0 = Release|Any CPU
		{AC73C804-A7FF-4204-9737-CBB87AE002A5}.Ad-Hoc|ARM.ActiveCfg = Release|Any CPU
		{AC73C804-A7FF-4204-9737-CBB87AE002A5}.Ad-Hoc|ARM.Build.0 = Release|Any CPU
		{AC73C804-A7FF-4204-9737-CBB87AE002A5}.Ad-Hoc|iPhone.ActiveCfg = Release|Any CPU
		{AC73C804-A7FF-4204-9737-CBB87AE002A5}.Ad-Hoc|iPhone.Build.0 = Release|Any CPU
		{AC73C804-A7FF-4204-9737-CBB87AE002A5}.Ad-Hoc|iPhoneSimulator.ActiveCfg = Release|Any CPU
		{AC73C804-A7FF-4204-9737-CBB87AE002A5}.Ad-Hoc|iPhoneSimulator.Build.0 = Release|Any CPU
		{AC73C804-A7FF-4204-9737-CBB87AE002A5}.Ad-Hoc|x64.ActiveCfg = Release|Any CPU
		{AC73C804-A7FF-4204-9737-CBB87AE002A5}.Ad-Hoc|x64.Build.0 = Release|Any CPU
		{AC73C804-A7FF-4204-9737-CBB87AE002A5}.Ad-Hoc|x86.ActiveCfg = Release|Any CPU
		{AC73C804-A7FF-4204-9737-CBB87AE002A5}.Ad-Hoc|x86.Build.0 = Release|Any CPU
		{AC73C804-A7FF-4204-9737-CBB87AE002A5}.AppStore|Any CPU.ActiveCfg = Release|Any CPU
		{AC73C804-A7FF-4204-9737-CBB87AE002A5}.AppStore|Any CPU.Build.0 = Release|Any CPU
		{AC73C804-A7FF-4204-9737-CBB87AE002A5}.AppStore|ARM.ActiveCfg = Release|Any CPU
		{AC73C804-A7FF-4204-9737-CBB87AE002A5}.AppStore|ARM.Build.0 = Release|Any CPU
		{AC73C804-A7FF-4204-9737-CBB87AE002A5}.AppStore|iPhone.ActiveCfg = Release|Any CPU
		{AC73C804-A7FF-4204-9737-CBB87AE002A5}.AppStore|iPhone.Build.0 = Release|Any CPU
		{AC73C804-A7FF-4204-9737-CBB87AE002A5}.AppStore|iPhoneSimulator.ActiveCfg = Release|Any CPU
		{AC73C804-A7FF-4204-9737-CBB87AE002A5}.AppStore|iPhoneSimulator.Build.0 = Release|Any CPU
		{AC73C804-A7FF-4204-9737-CBB87AE002A5}.AppStore|x64.ActiveCfg = Release|Any CPU
		{AC73C804-A7FF-4204-9737-CBB87AE002A5}.AppStore|x64.Build.0 = Release|Any CPU
		{AC73C804-A7FF-4204-9737-CBB87AE002A5}.AppStore|x86.ActiveCfg = Release|Any CPU
		{AC73C804-A7FF-4204-9737-CBB87AE002A5}.AppStore|x86.Build.0 = Release|Any CPU
		{AC73C804-A7FF-4204-9737-CBB87AE002A5}.Debug|Any CPU.ActiveCfg = Debug|Any CPU
		{AC73C804-A7FF-4204-9737-CBB87AE002A5}.Debug|Any CPU.Build.0 = Debug|Any CPU
		{AC73C804-A7FF-4204-9737-CBB87AE002A5}.Debug|ARM.ActiveCfg = Debug|Any CPU
		{AC73C804-A7FF-4204-9737-CBB87AE002A5}.Debug|ARM.Build.0 = Debug|Any CPU
		{AC73C804-A7FF-4204-9737-CBB87AE002A5}.Debug|iPhone.ActiveCfg = Debug|Any CPU
		{AC73C804-A7FF-4204-9737-CBB87AE002A5}.Debug|iPhone.Build.0 = Debug|Any CPU
		{AC73C804-A7FF-4204-9737-CBB87AE002A5}.Debug|iPhoneSimulator.ActiveCfg = Debug|Any CPU
		{AC73C804-A7FF-4204-9737-CBB87AE002A5}.Debug|iPhoneSimulator.Build.0 = Debug|Any CPU
		{AC73C804-A7FF-4204-9737-CBB87AE002A5}.Debug|x64.ActiveCfg = Debug|Any CPU
		{AC73C804-A7FF-4204-9737-CBB87AE002A5}.Debug|x64.Build.0 = Debug|Any CPU
		{AC73C804-A7FF-4204-9737-CBB87AE002A5}.Debug|x86.ActiveCfg = Debug|Any CPU
		{AC73C804-A7FF-4204-9737-CBB87AE002A5}.Debug|x86.Build.0 = Debug|Any CPU
		{AC73C804-A7FF-4204-9737-CBB87AE002A5}.Release|Any CPU.ActiveCfg = Release|Any CPU
		{AC73C804-A7FF-4204-9737-CBB87AE002A5}.Release|Any CPU.Build.0 = Release|Any CPU
		{AC73C804-A7FF-4204-9737-CBB87AE002A5}.Release|ARM.ActiveCfg = Release|Any CPU
		{AC73C804-A7FF-4204-9737-CBB87AE002A5}.Release|ARM.Build.0 = Release|Any CPU
		{AC73C804-A7FF-4204-9737-CBB87AE002A5}.Release|iPhone.ActiveCfg = Release|Any CPU
		{AC73C804-A7FF-4204-9737-CBB87AE002A5}.Release|iPhone.Build.0 = Release|Any CPU
		{AC73C804-A7FF-4204-9737-CBB87AE002A5}.Release|iPhoneSimulator.ActiveCfg = Release|Any CPU
		{AC73C804-A7FF-4204-9737-CBB87AE002A5}.Release|iPhoneSimulator.Build.0 = Release|Any CPU
		{AC73C804-A7FF-4204-9737-CBB87AE002A5}.Release|x64.ActiveCfg = Release|Any CPU
		{AC73C804-A7FF-4204-9737-CBB87AE002A5}.Release|x64.Build.0 = Release|Any CPU
		{AC73C804-A7FF-4204-9737-CBB87AE002A5}.Release|x86.ActiveCfg = Release|Any CPU
		{AC73C804-A7FF-4204-9737-CBB87AE002A5}.Release|x86.Build.0 = Release|Any CPU
		{CE97F631-27B5-47E3-8BBC-225A64408677}.Ad-Hoc|Any CPU.ActiveCfg = Release|Any CPU
		{CE97F631-27B5-47E3-8BBC-225A64408677}.Ad-Hoc|Any CPU.Build.0 = Release|Any CPU
		{CE97F631-27B5-47E3-8BBC-225A64408677}.Ad-Hoc|Any CPU.Deploy.0 = Release|Any CPU
		{CE97F631-27B5-47E3-8BBC-225A64408677}.Ad-Hoc|ARM.ActiveCfg = Release|Any CPU
		{CE97F631-27B5-47E3-8BBC-225A64408677}.Ad-Hoc|ARM.Build.0 = Release|Any CPU
		{CE97F631-27B5-47E3-8BBC-225A64408677}.Ad-Hoc|ARM.Deploy.0 = Release|Any CPU
		{CE97F631-27B5-47E3-8BBC-225A64408677}.Ad-Hoc|iPhone.ActiveCfg = Release|Any CPU
		{CE97F631-27B5-47E3-8BBC-225A64408677}.Ad-Hoc|iPhone.Build.0 = Release|Any CPU
		{CE97F631-27B5-47E3-8BBC-225A64408677}.Ad-Hoc|iPhone.Deploy.0 = Release|Any CPU
		{CE97F631-27B5-47E3-8BBC-225A64408677}.Ad-Hoc|iPhoneSimulator.ActiveCfg = Release|Any CPU
		{CE97F631-27B5-47E3-8BBC-225A64408677}.Ad-Hoc|iPhoneSimulator.Build.0 = Release|Any CPU
		{CE97F631-27B5-47E3-8BBC-225A64408677}.Ad-Hoc|iPhoneSimulator.Deploy.0 = Release|Any CPU
		{CE97F631-27B5-47E3-8BBC-225A64408677}.Ad-Hoc|x64.ActiveCfg = Release|Any CPU
		{CE97F631-27B5-47E3-8BBC-225A64408677}.Ad-Hoc|x64.Build.0 = Release|Any CPU
		{CE97F631-27B5-47E3-8BBC-225A64408677}.Ad-Hoc|x64.Deploy.0 = Release|Any CPU
		{CE97F631-27B5-47E3-8BBC-225A64408677}.Ad-Hoc|x86.ActiveCfg = Release|Any CPU
		{CE97F631-27B5-47E3-8BBC-225A64408677}.Ad-Hoc|x86.Build.0 = Release|Any CPU
		{CE97F631-27B5-47E3-8BBC-225A64408677}.Ad-Hoc|x86.Deploy.0 = Release|Any CPU
		{CE97F631-27B5-47E3-8BBC-225A64408677}.AppStore|Any CPU.ActiveCfg = Release|Any CPU
		{CE97F631-27B5-47E3-8BBC-225A64408677}.AppStore|Any CPU.Build.0 = Release|Any CPU
		{CE97F631-27B5-47E3-8BBC-225A64408677}.AppStore|Any CPU.Deploy.0 = Release|Any CPU
		{CE97F631-27B5-47E3-8BBC-225A64408677}.AppStore|ARM.ActiveCfg = Release|Any CPU
		{CE97F631-27B5-47E3-8BBC-225A64408677}.AppStore|ARM.Build.0 = Release|Any CPU
		{CE97F631-27B5-47E3-8BBC-225A64408677}.AppStore|ARM.Deploy.0 = Release|Any CPU
		{CE97F631-27B5-47E3-8BBC-225A64408677}.AppStore|iPhone.ActiveCfg = Release|Any CPU
		{CE97F631-27B5-47E3-8BBC-225A64408677}.AppStore|iPhone.Build.0 = Release|Any CPU
		{CE97F631-27B5-47E3-8BBC-225A64408677}.AppStore|iPhone.Deploy.0 = Release|Any CPU
		{CE97F631-27B5-47E3-8BBC-225A64408677}.AppStore|iPhoneSimulator.ActiveCfg = Release|Any CPU
		{CE97F631-27B5-47E3-8BBC-225A64408677}.AppStore|iPhoneSimulator.Build.0 = Release|Any CPU
		{CE97F631-27B5-47E3-8BBC-225A64408677}.AppStore|iPhoneSimulator.Deploy.0 = Release|Any CPU
		{CE97F631-27B5-47E3-8BBC-225A64408677}.AppStore|x64.ActiveCfg = Release|Any CPU
		{CE97F631-27B5-47E3-8BBC-225A64408677}.AppStore|x64.Build.0 = Release|Any CPU
		{CE97F631-27B5-47E3-8BBC-225A64408677}.AppStore|x64.Deploy.0 = Release|Any CPU
		{CE97F631-27B5-47E3-8BBC-225A64408677}.AppStore|x86.ActiveCfg = Release|Any CPU
		{CE97F631-27B5-47E3-8BBC-225A64408677}.AppStore|x86.Build.0 = Release|Any CPU
		{CE97F631-27B5-47E3-8BBC-225A64408677}.AppStore|x86.Deploy.0 = Release|Any CPU
		{CE97F631-27B5-47E3-8BBC-225A64408677}.Debug|Any CPU.ActiveCfg = Debug|Any CPU
		{CE97F631-27B5-47E3-8BBC-225A64408677}.Debug|Any CPU.Build.0 = Debug|Any CPU
		{CE97F631-27B5-47E3-8BBC-225A64408677}.Debug|Any CPU.Deploy.0 = Debug|Any CPU
		{CE97F631-27B5-47E3-8BBC-225A64408677}.Debug|ARM.ActiveCfg = Debug|Any CPU
		{CE97F631-27B5-47E3-8BBC-225A64408677}.Debug|ARM.Build.0 = Debug|Any CPU
		{CE97F631-27B5-47E3-8BBC-225A64408677}.Debug|ARM.Deploy.0 = Debug|Any CPU
		{CE97F631-27B5-47E3-8BBC-225A64408677}.Debug|iPhone.ActiveCfg = Debug|Any CPU
		{CE97F631-27B5-47E3-8BBC-225A64408677}.Debug|iPhone.Build.0 = Debug|Any CPU
		{CE97F631-27B5-47E3-8BBC-225A64408677}.Debug|iPhone.Deploy.0 = Debug|Any CPU
		{CE97F631-27B5-47E3-8BBC-225A64408677}.Debug|iPhoneSimulator.ActiveCfg = Debug|Any CPU
		{CE97F631-27B5-47E3-8BBC-225A64408677}.Debug|iPhoneSimulator.Build.0 = Debug|Any CPU
		{CE97F631-27B5-47E3-8BBC-225A64408677}.Debug|iPhoneSimulator.Deploy.0 = Debug|Any CPU
		{CE97F631-27B5-47E3-8BBC-225A64408677}.Debug|x64.ActiveCfg = Debug|Any CPU
		{CE97F631-27B5-47E3-8BBC-225A64408677}.Debug|x64.Build.0 = Debug|Any CPU
		{CE97F631-27B5-47E3-8BBC-225A64408677}.Debug|x64.Deploy.0 = Debug|Any CPU
		{CE97F631-27B5-47E3-8BBC-225A64408677}.Debug|x86.ActiveCfg = Debug|Any CPU
		{CE97F631-27B5-47E3-8BBC-225A64408677}.Debug|x86.Build.0 = Debug|Any CPU
		{CE97F631-27B5-47E3-8BBC-225A64408677}.Debug|x86.Deploy.0 = Debug|Any CPU
		{CE97F631-27B5-47E3-8BBC-225A64408677}.Release|Any CPU.ActiveCfg = Release|Any CPU
		{CE97F631-27B5-47E3-8BBC-225A64408677}.Release|Any CPU.Build.0 = Release|Any CPU
		{CE97F631-27B5-47E3-8BBC-225A64408677}.Release|Any CPU.Deploy.0 = Release|Any CPU
		{CE97F631-27B5-47E3-8BBC-225A64408677}.Release|ARM.ActiveCfg = Release|Any CPU
		{CE97F631-27B5-47E3-8BBC-225A64408677}.Release|ARM.Build.0 = Release|Any CPU
		{CE97F631-27B5-47E3-8BBC-225A64408677}.Release|ARM.Deploy.0 = Release|Any CPU
		{CE97F631-27B5-47E3-8BBC-225A64408677}.Release|iPhone.ActiveCfg = Release|Any CPU
		{CE97F631-27B5-47E3-8BBC-225A64408677}.Release|iPhone.Build.0 = Release|Any CPU
		{CE97F631-27B5-47E3-8BBC-225A64408677}.Release|iPhone.Deploy.0 = Release|Any CPU
		{CE97F631-27B5-47E3-8BBC-225A64408677}.Release|iPhoneSimulator.ActiveCfg = Release|Any CPU
		{CE97F631-27B5-47E3-8BBC-225A64408677}.Release|iPhoneSimulator.Build.0 = Release|Any CPU
		{CE97F631-27B5-47E3-8BBC-225A64408677}.Release|iPhoneSimulator.Deploy.0 = Release|Any CPU
		{CE97F631-27B5-47E3-8BBC-225A64408677}.Release|x64.ActiveCfg = Release|Any CPU
		{CE97F631-27B5-47E3-8BBC-225A64408677}.Release|x64.Build.0 = Release|Any CPU
		{CE97F631-27B5-47E3-8BBC-225A64408677}.Release|x64.Deploy.0 = Release|Any CPU
		{CE97F631-27B5-47E3-8BBC-225A64408677}.Release|x86.ActiveCfg = Release|Any CPU
		{CE97F631-27B5-47E3-8BBC-225A64408677}.Release|x86.Build.0 = Release|Any CPU
		{CE97F631-27B5-47E3-8BBC-225A64408677}.Release|x86.Deploy.0 = Release|Any CPU
		{88BE0028-0883-4AFF-96F6-4B8689C79A32}.Ad-Hoc|Any CPU.ActiveCfg = Ad-Hoc|iPhone
		{88BE0028-0883-4AFF-96F6-4B8689C79A32}.Ad-Hoc|ARM.ActiveCfg = Ad-Hoc|iPhone
		{88BE0028-0883-4AFF-96F6-4B8689C79A32}.Ad-Hoc|iPhone.ActiveCfg = Ad-Hoc|iPhone
		{88BE0028-0883-4AFF-96F6-4B8689C79A32}.Ad-Hoc|iPhone.Build.0 = Ad-Hoc|iPhone
		{88BE0028-0883-4AFF-96F6-4B8689C79A32}.Ad-Hoc|iPhoneSimulator.ActiveCfg = Ad-Hoc|iPhoneSimulator
		{88BE0028-0883-4AFF-96F6-4B8689C79A32}.Ad-Hoc|iPhoneSimulator.Build.0 = Ad-Hoc|iPhoneSimulator
		{88BE0028-0883-4AFF-96F6-4B8689C79A32}.Ad-Hoc|x64.ActiveCfg = Ad-Hoc|iPhone
		{88BE0028-0883-4AFF-96F6-4B8689C79A32}.Ad-Hoc|x86.ActiveCfg = Ad-Hoc|iPhone
		{88BE0028-0883-4AFF-96F6-4B8689C79A32}.AppStore|Any CPU.ActiveCfg = AppStore|iPhone
		{88BE0028-0883-4AFF-96F6-4B8689C79A32}.AppStore|ARM.ActiveCfg = AppStore|iPhone
		{88BE0028-0883-4AFF-96F6-4B8689C79A32}.AppStore|iPhone.ActiveCfg = AppStore|iPhone
		{88BE0028-0883-4AFF-96F6-4B8689C79A32}.AppStore|iPhone.Build.0 = AppStore|iPhone
		{88BE0028-0883-4AFF-96F6-4B8689C79A32}.AppStore|iPhoneSimulator.ActiveCfg = AppStore|iPhoneSimulator
		{88BE0028-0883-4AFF-96F6-4B8689C79A32}.AppStore|iPhoneSimulator.Build.0 = AppStore|iPhoneSimulator
		{88BE0028-0883-4AFF-96F6-4B8689C79A32}.AppStore|x64.ActiveCfg = AppStore|iPhone
		{88BE0028-0883-4AFF-96F6-4B8689C79A32}.AppStore|x86.ActiveCfg = AppStore|iPhone
		{88BE0028-0883-4AFF-96F6-4B8689C79A32}.Debug|Any CPU.ActiveCfg = Debug|iPhone
		{88BE0028-0883-4AFF-96F6-4B8689C79A32}.Debug|ARM.ActiveCfg = Debug|iPhone
		{88BE0028-0883-4AFF-96F6-4B8689C79A32}.Debug|iPhone.ActiveCfg = Debug|iPhone
		{88BE0028-0883-4AFF-96F6-4B8689C79A32}.Debug|iPhone.Build.0 = Debug|iPhone
		{88BE0028-0883-4AFF-96F6-4B8689C79A32}.Debug|iPhoneSimulator.ActiveCfg = Debug|iPhoneSimulator
		{88BE0028-0883-4AFF-96F6-4B8689C79A32}.Debug|iPhoneSimulator.Build.0 = Debug|iPhoneSimulator
		{88BE0028-0883-4AFF-96F6-4B8689C79A32}.Debug|x64.ActiveCfg = Debug|iPhone
		{88BE0028-0883-4AFF-96F6-4B8689C79A32}.Debug|x86.ActiveCfg = Debug|iPhone
		{88BE0028-0883-4AFF-96F6-4B8689C79A32}.Release|Any CPU.ActiveCfg = Release|iPhone
		{88BE0028-0883-4AFF-96F6-4B8689C79A32}.Release|ARM.ActiveCfg = Release|iPhone
		{88BE0028-0883-4AFF-96F6-4B8689C79A32}.Release|iPhone.ActiveCfg = Release|iPhone
		{88BE0028-0883-4AFF-96F6-4B8689C79A32}.Release|iPhone.Build.0 = Release|iPhone
		{88BE0028-0883-4AFF-96F6-4B8689C79A32}.Release|iPhoneSimulator.ActiveCfg = Release|iPhoneSimulator
		{88BE0028-0883-4AFF-96F6-4B8689C79A32}.Release|iPhoneSimulator.Build.0 = Release|iPhoneSimulator
		{88BE0028-0883-4AFF-96F6-4B8689C79A32}.Release|x64.ActiveCfg = Release|iPhone
		{88BE0028-0883-4AFF-96F6-4B8689C79A32}.Release|x86.ActiveCfg = Release|iPhone
		{B5BEC3E6-66C0-4E82-8527-54FF863E9220}.Ad-Hoc|Any CPU.ActiveCfg = Release|Any CPU
		{B5BEC3E6-66C0-4E82-8527-54FF863E9220}.Ad-Hoc|Any CPU.Build.0 = Release|Any CPU
		{B5BEC3E6-66C0-4E82-8527-54FF863E9220}.Ad-Hoc|Any CPU.Deploy.0 = Release|Any CPU
		{B5BEC3E6-66C0-4E82-8527-54FF863E9220}.Ad-Hoc|ARM.ActiveCfg = Release|ARM
		{B5BEC3E6-66C0-4E82-8527-54FF863E9220}.Ad-Hoc|ARM.Build.0 = Release|ARM
		{B5BEC3E6-66C0-4E82-8527-54FF863E9220}.Ad-Hoc|ARM.Deploy.0 = Release|ARM
		{B5BEC3E6-66C0-4E82-8527-54FF863E9220}.Ad-Hoc|iPhone.ActiveCfg = Release|Any CPU
		{B5BEC3E6-66C0-4E82-8527-54FF863E9220}.Ad-Hoc|iPhone.Build.0 = Release|Any CPU
		{B5BEC3E6-66C0-4E82-8527-54FF863E9220}.Ad-Hoc|iPhone.Deploy.0 = Release|Any CPU
		{B5BEC3E6-66C0-4E82-8527-54FF863E9220}.Ad-Hoc|iPhoneSimulator.ActiveCfg = Release|Any CPU
		{B5BEC3E6-66C0-4E82-8527-54FF863E9220}.Ad-Hoc|iPhoneSimulator.Build.0 = Release|Any CPU
		{B5BEC3E6-66C0-4E82-8527-54FF863E9220}.Ad-Hoc|iPhoneSimulator.Deploy.0 = Release|Any CPU
		{B5BEC3E6-66C0-4E82-8527-54FF863E9220}.Ad-Hoc|x64.ActiveCfg = Release|Any CPU
		{B5BEC3E6-66C0-4E82-8527-54FF863E9220}.Ad-Hoc|x64.Build.0 = Release|Any CPU
		{B5BEC3E6-66C0-4E82-8527-54FF863E9220}.Ad-Hoc|x64.Deploy.0 = Release|Any CPU
		{B5BEC3E6-66C0-4E82-8527-54FF863E9220}.Ad-Hoc|x86.ActiveCfg = Release|x86
		{B5BEC3E6-66C0-4E82-8527-54FF863E9220}.Ad-Hoc|x86.Build.0 = Release|x86
		{B5BEC3E6-66C0-4E82-8527-54FF863E9220}.Ad-Hoc|x86.Deploy.0 = Release|x86
		{B5BEC3E6-66C0-4E82-8527-54FF863E9220}.AppStore|Any CPU.ActiveCfg = Release|Any CPU
		{B5BEC3E6-66C0-4E82-8527-54FF863E9220}.AppStore|Any CPU.Build.0 = Release|Any CPU
		{B5BEC3E6-66C0-4E82-8527-54FF863E9220}.AppStore|Any CPU.Deploy.0 = Release|Any CPU
		{B5BEC3E6-66C0-4E82-8527-54FF863E9220}.AppStore|ARM.ActiveCfg = Release|ARM
		{B5BEC3E6-66C0-4E82-8527-54FF863E9220}.AppStore|ARM.Build.0 = Release|ARM
		{B5BEC3E6-66C0-4E82-8527-54FF863E9220}.AppStore|ARM.Deploy.0 = Release|ARM
		{B5BEC3E6-66C0-4E82-8527-54FF863E9220}.AppStore|iPhone.ActiveCfg = Release|Any CPU
		{B5BEC3E6-66C0-4E82-8527-54FF863E9220}.AppStore|iPhone.Build.0 = Release|Any CPU
		{B5BEC3E6-66C0-4E82-8527-54FF863E9220}.AppStore|iPhone.Deploy.0 = Release|Any CPU
		{B5BEC3E6-66C0-4E82-8527-54FF863E9220}.AppStore|iPhoneSimulator.ActiveCfg = Release|Any CPU
		{B5BEC3E6-66C0-4E82-8527-54FF863E9220}.AppStore|iPhoneSimulator.Build.0 = Release|Any CPU
		{B5BEC3E6-66C0-4E82-8527-54FF863E9220}.AppStore|iPhoneSimulator.Deploy.0 = Release|Any CPU
		{B5BEC3E6-66C0-4E82-8527-54FF863E9220}.AppStore|x64.ActiveCfg = Release|Any CPU
		{B5BEC3E6-66C0-4E82-8527-54FF863E9220}.AppStore|x64.Build.0 = Release|Any CPU
		{B5BEC3E6-66C0-4E82-8527-54FF863E9220}.AppStore|x64.Deploy.0 = Release|Any CPU
		{B5BEC3E6-66C0-4E82-8527-54FF863E9220}.AppStore|x86.ActiveCfg = Release|x86
		{B5BEC3E6-66C0-4E82-8527-54FF863E9220}.AppStore|x86.Build.0 = Release|x86
		{B5BEC3E6-66C0-4E82-8527-54FF863E9220}.AppStore|x86.Deploy.0 = Release|x86
		{B5BEC3E6-66C0-4E82-8527-54FF863E9220}.Debug|Any CPU.ActiveCfg = Debug|Any CPU
		{B5BEC3E6-66C0-4E82-8527-54FF863E9220}.Debug|Any CPU.Build.0 = Debug|Any CPU
		{B5BEC3E6-66C0-4E82-8527-54FF863E9220}.Debug|Any CPU.Deploy.0 = Debug|Any CPU
		{B5BEC3E6-66C0-4E82-8527-54FF863E9220}.Debug|ARM.ActiveCfg = Debug|ARM
		{B5BEC3E6-66C0-4E82-8527-54FF863E9220}.Debug|ARM.Build.0 = Debug|ARM
		{B5BEC3E6-66C0-4E82-8527-54FF863E9220}.Debug|ARM.Deploy.0 = Debug|ARM
		{B5BEC3E6-66C0-4E82-8527-54FF863E9220}.Debug|iPhone.ActiveCfg = Debug|Any CPU
		{B5BEC3E6-66C0-4E82-8527-54FF863E9220}.Debug|iPhone.Build.0 = Debug|Any CPU
		{B5BEC3E6-66C0-4E82-8527-54FF863E9220}.Debug|iPhone.Deploy.0 = Debug|Any CPU
		{B5BEC3E6-66C0-4E82-8527-54FF863E9220}.Debug|iPhoneSimulator.ActiveCfg = Debug|Any CPU
		{B5BEC3E6-66C0-4E82-8527-54FF863E9220}.Debug|iPhoneSimulator.Build.0 = Debug|Any CPU
		{B5BEC3E6-66C0-4E82-8527-54FF863E9220}.Debug|iPhoneSimulator.Deploy.0 = Debug|Any CPU
		{B5BEC3E6-66C0-4E82-8527-54FF863E9220}.Debug|x64.ActiveCfg = Debug|Any CPU
		{B5BEC3E6-66C0-4E82-8527-54FF863E9220}.Debug|x64.Build.0 = Debug|Any CPU
		{B5BEC3E6-66C0-4E82-8527-54FF863E9220}.Debug|x64.Deploy.0 = Debug|Any CPU
		{B5BEC3E6-66C0-4E82-8527-54FF863E9220}.Debug|x86.ActiveCfg = Debug|x86
		{B5BEC3E6-66C0-4E82-8527-54FF863E9220}.Debug|x86.Build.0 = Debug|x86
		{B5BEC3E6-66C0-4E82-8527-54FF863E9220}.Debug|x86.Deploy.0 = Debug|x86
		{B5BEC3E6-66C0-4E82-8527-54FF863E9220}.Release|Any CPU.ActiveCfg = Release|Any CPU
		{B5BEC3E6-66C0-4E82-8527-54FF863E9220}.Release|Any CPU.Build.0 = Release|Any CPU
		{B5BEC3E6-66C0-4E82-8527-54FF863E9220}.Release|Any CPU.Deploy.0 = Release|Any CPU
		{B5BEC3E6-66C0-4E82-8527-54FF863E9220}.Release|ARM.ActiveCfg = Release|ARM
		{B5BEC3E6-66C0-4E82-8527-54FF863E9220}.Release|ARM.Build.0 = Release|ARM
		{B5BEC3E6-66C0-4E82-8527-54FF863E9220}.Release|ARM.Deploy.0 = Release|ARM
		{B5BEC3E6-66C0-4E82-8527-54FF863E9220}.Release|iPhone.ActiveCfg = Release|Any CPU
		{B5BEC3E6-66C0-4E82-8527-54FF863E9220}.Release|iPhone.Build.0 = Release|Any CPU
		{B5BEC3E6-66C0-4E82-8527-54FF863E9220}.Release|iPhone.Deploy.0 = Release|Any CPU
		{B5BEC3E6-66C0-4E82-8527-54FF863E9220}.Release|iPhoneSimulator.ActiveCfg = Release|Any CPU
		{B5BEC3E6-66C0-4E82-8527-54FF863E9220}.Release|iPhoneSimulator.Build.0 = Release|Any CPU
		{B5BEC3E6-66C0-4E82-8527-54FF863E9220}.Release|iPhoneSimulator.Deploy.0 = Release|Any CPU
		{B5BEC3E6-66C0-4E82-8527-54FF863E9220}.Release|x64.ActiveCfg = Release|Any CPU
		{B5BEC3E6-66C0-4E82-8527-54FF863E9220}.Release|x64.Build.0 = Release|Any CPU
		{B5BEC3E6-66C0-4E82-8527-54FF863E9220}.Release|x64.Deploy.0 = Release|Any CPU
		{B5BEC3E6-66C0-4E82-8527-54FF863E9220}.Release|x86.ActiveCfg = Release|x86
		{B5BEC3E6-66C0-4E82-8527-54FF863E9220}.Release|x86.Build.0 = Release|x86
		{B5BEC3E6-66C0-4E82-8527-54FF863E9220}.Release|x86.Deploy.0 = Release|x86
		{3A021FD3-8A9A-4849-A43A-58F5A77CDD99}.Ad-Hoc|Any CPU.ActiveCfg = Release|x86
		{3A021FD3-8A9A-4849-A43A-58F5A77CDD99}.Ad-Hoc|Any CPU.Build.0 = Release|x86
		{3A021FD3-8A9A-4849-A43A-58F5A77CDD99}.Ad-Hoc|Any CPU.Deploy.0 = Release|x86
		{3A021FD3-8A9A-4849-A43A-58F5A77CDD99}.Ad-Hoc|ARM.ActiveCfg = Release|ARM
		{3A021FD3-8A9A-4849-A43A-58F5A77CDD99}.Ad-Hoc|ARM.Build.0 = Release|ARM
		{3A021FD3-8A9A-4849-A43A-58F5A77CDD99}.Ad-Hoc|ARM.Deploy.0 = Release|ARM
		{3A021FD3-8A9A-4849-A43A-58F5A77CDD99}.Ad-Hoc|iPhone.ActiveCfg = Release|x86
		{3A021FD3-8A9A-4849-A43A-58F5A77CDD99}.Ad-Hoc|iPhone.Build.0 = Release|x86
		{3A021FD3-8A9A-4849-A43A-58F5A77CDD99}.Ad-Hoc|iPhone.Deploy.0 = Release|x86
		{3A021FD3-8A9A-4849-A43A-58F5A77CDD99}.Ad-Hoc|iPhoneSimulator.ActiveCfg = Release|x86
		{3A021FD3-8A9A-4849-A43A-58F5A77CDD99}.Ad-Hoc|iPhoneSimulator.Build.0 = Release|x86
		{3A021FD3-8A9A-4849-A43A-58F5A77CDD99}.Ad-Hoc|iPhoneSimulator.Deploy.0 = Release|x86
		{3A021FD3-8A9A-4849-A43A-58F5A77CDD99}.Ad-Hoc|x64.ActiveCfg = Release|x64
		{3A021FD3-8A9A-4849-A43A-58F5A77CDD99}.Ad-Hoc|x64.Build.0 = Release|x64
		{3A021FD3-8A9A-4849-A43A-58F5A77CDD99}.Ad-Hoc|x64.Deploy.0 = Release|x64
		{3A021FD3-8A9A-4849-A43A-58F5A77CDD99}.Ad-Hoc|x86.ActiveCfg = Release|x86
		{3A021FD3-8A9A-4849-A43A-58F5A77CDD99}.Ad-Hoc|x86.Build.0 = Release|x86
		{3A021FD3-8A9A-4849-A43A-58F5A77CDD99}.Ad-Hoc|x86.Deploy.0 = Release|x86
		{3A021FD3-8A9A-4849-A43A-58F5A77CDD99}.AppStore|Any CPU.ActiveCfg = Release|x86
		{3A021FD3-8A9A-4849-A43A-58F5A77CDD99}.AppStore|Any CPU.Build.0 = Release|x86
		{3A021FD3-8A9A-4849-A43A-58F5A77CDD99}.AppStore|Any CPU.Deploy.0 = Release|x86
		{3A021FD3-8A9A-4849-A43A-58F5A77CDD99}.AppStore|ARM.ActiveCfg = Release|ARM
		{3A021FD3-8A9A-4849-A43A-58F5A77CDD99}.AppStore|ARM.Build.0 = Release|ARM
		{3A021FD3-8A9A-4849-A43A-58F5A77CDD99}.AppStore|ARM.Deploy.0 = Release|ARM
		{3A021FD3-8A9A-4849-A43A-58F5A77CDD99}.AppStore|iPhone.ActiveCfg = Release|x86
		{3A021FD3-8A9A-4849-A43A-58F5A77CDD99}.AppStore|iPhone.Build.0 = Release|x86
		{3A021FD3-8A9A-4849-A43A-58F5A77CDD99}.AppStore|iPhone.Deploy.0 = Release|x86
		{3A021FD3-8A9A-4849-A43A-58F5A77CDD99}.AppStore|iPhoneSimulator.ActiveCfg = Release|x86
		{3A021FD3-8A9A-4849-A43A-58F5A77CDD99}.AppStore|iPhoneSimulator.Build.0 = Release|x86
		{3A021FD3-8A9A-4849-A43A-58F5A77CDD99}.AppStore|iPhoneSimulator.Deploy.0 = Release|x86
		{3A021FD3-8A9A-4849-A43A-58F5A77CDD99}.AppStore|x64.ActiveCfg = Release|x64
		{3A021FD3-8A9A-4849-A43A-58F5A77CDD99}.AppStore|x64.Build.0 = Release|x64
		{3A021FD3-8A9A-4849-A43A-58F5A77CDD99}.AppStore|x64.Deploy.0 = Release|x64
		{3A021FD3-8A9A-4849-A43A-58F5A77CDD99}.AppStore|x86.ActiveCfg = Release|x86
		{3A021FD3-8A9A-4849-A43A-58F5A77CDD99}.AppStore|x86.Build.0 = Release|x86
		{3A021FD3-8A9A-4849-A43A-58F5A77CDD99}.AppStore|x86.Deploy.0 = Release|x86
		{3A021FD3-8A9A-4849-A43A-58F5A77CDD99}.Debug|Any CPU.ActiveCfg = Debug|x86
		{3A021FD3-8A9A-4849-A43A-58F5A77CDD99}.Debug|ARM.ActiveCfg = Debug|ARM
		{3A021FD3-8A9A-4849-A43A-58F5A77CDD99}.Debug|ARM.Build.0 = Debug|ARM
		{3A021FD3-8A9A-4849-A43A-58F5A77CDD99}.Debug|ARM.Deploy.0 = Debug|ARM
		{3A021FD3-8A9A-4849-A43A-58F5A77CDD99}.Debug|iPhone.ActiveCfg = Debug|x86
		{3A021FD3-8A9A-4849-A43A-58F5A77CDD99}.Debug|iPhoneSimulator.ActiveCfg = Debug|x86
		{3A021FD3-8A9A-4849-A43A-58F5A77CDD99}.Debug|x64.ActiveCfg = Debug|x64
		{3A021FD3-8A9A-4849-A43A-58F5A77CDD99}.Debug|x64.Build.0 = Debug|x64
		{3A021FD3-8A9A-4849-A43A-58F5A77CDD99}.Debug|x64.Deploy.0 = Debug|x64
		{3A021FD3-8A9A-4849-A43A-58F5A77CDD99}.Debug|x86.ActiveCfg = Debug|x86
		{3A021FD3-8A9A-4849-A43A-58F5A77CDD99}.Debug|x86.Build.0 = Debug|x86
		{3A021FD3-8A9A-4849-A43A-58F5A77CDD99}.Debug|x86.Deploy.0 = Debug|x86
		{3A021FD3-8A9A-4849-A43A-58F5A77CDD99}.Release|Any CPU.ActiveCfg = Release|x86
		{3A021FD3-8A9A-4849-A43A-58F5A77CDD99}.Release|ARM.ActiveCfg = Release|ARM
		{3A021FD3-8A9A-4849-A43A-58F5A77CDD99}.Release|ARM.Build.0 = Release|ARM
		{3A021FD3-8A9A-4849-A43A-58F5A77CDD99}.Release|ARM.Deploy.0 = Release|ARM
		{3A021FD3-8A9A-4849-A43A-58F5A77CDD99}.Release|iPhone.ActiveCfg = Release|x86
		{3A021FD3-8A9A-4849-A43A-58F5A77CDD99}.Release|iPhoneSimulator.ActiveCfg = Release|x86
		{3A021FD3-8A9A-4849-A43A-58F5A77CDD99}.Release|x64.ActiveCfg = Release|x64
		{3A021FD3-8A9A-4849-A43A-58F5A77CDD99}.Release|x64.Build.0 = Release|x64
		{3A021FD3-8A9A-4849-A43A-58F5A77CDD99}.Release|x64.Deploy.0 = Release|x64
		{3A021FD3-8A9A-4849-A43A-58F5A77CDD99}.Release|x86.ActiveCfg = Release|x86
		{3A021FD3-8A9A-4849-A43A-58F5A77CDD99}.Release|x86.Build.0 = Release|x86
		{3A021FD3-8A9A-4849-A43A-58F5A77CDD99}.Release|x86.Deploy.0 = Release|x86
		{C5B34D3C-9FB3-4A1F-88E3-88338FAE1DBB}.Ad-Hoc|Any CPU.ActiveCfg = Release|Any CPU
		{C5B34D3C-9FB3-4A1F-88E3-88338FAE1DBB}.Ad-Hoc|Any CPU.Build.0 = Release|Any CPU
		{C5B34D3C-9FB3-4A1F-88E3-88338FAE1DBB}.Ad-Hoc|Any CPU.Deploy.0 = Release|Any CPU
		{C5B34D3C-9FB3-4A1F-88E3-88338FAE1DBB}.Ad-Hoc|ARM.ActiveCfg = Release|ARM
		{C5B34D3C-9FB3-4A1F-88E3-88338FAE1DBB}.Ad-Hoc|ARM.Build.0 = Release|ARM
		{C5B34D3C-9FB3-4A1F-88E3-88338FAE1DBB}.Ad-Hoc|ARM.Deploy.0 = Release|ARM
		{C5B34D3C-9FB3-4A1F-88E3-88338FAE1DBB}.Ad-Hoc|iPhone.ActiveCfg = Release|Any CPU
		{C5B34D3C-9FB3-4A1F-88E3-88338FAE1DBB}.Ad-Hoc|iPhone.Build.0 = Release|Any CPU
		{C5B34D3C-9FB3-4A1F-88E3-88338FAE1DBB}.Ad-Hoc|iPhone.Deploy.0 = Release|Any CPU
		{C5B34D3C-9FB3-4A1F-88E3-88338FAE1DBB}.Ad-Hoc|iPhoneSimulator.ActiveCfg = Release|Any CPU
		{C5B34D3C-9FB3-4A1F-88E3-88338FAE1DBB}.Ad-Hoc|iPhoneSimulator.Build.0 = Release|Any CPU
		{C5B34D3C-9FB3-4A1F-88E3-88338FAE1DBB}.Ad-Hoc|iPhoneSimulator.Deploy.0 = Release|Any CPU
		{C5B34D3C-9FB3-4A1F-88E3-88338FAE1DBB}.Ad-Hoc|x64.ActiveCfg = Release|x64
		{C5B34D3C-9FB3-4A1F-88E3-88338FAE1DBB}.Ad-Hoc|x64.Build.0 = Release|x64
		{C5B34D3C-9FB3-4A1F-88E3-88338FAE1DBB}.Ad-Hoc|x64.Deploy.0 = Release|x64
		{C5B34D3C-9FB3-4A1F-88E3-88338FAE1DBB}.Ad-Hoc|x86.ActiveCfg = Release|x86
		{C5B34D3C-9FB3-4A1F-88E3-88338FAE1DBB}.Ad-Hoc|x86.Build.0 = Release|x86
		{C5B34D3C-9FB3-4A1F-88E3-88338FAE1DBB}.Ad-Hoc|x86.Deploy.0 = Release|x86
		{C5B34D3C-9FB3-4A1F-88E3-88338FAE1DBB}.AppStore|Any CPU.ActiveCfg = Release|Any CPU
		{C5B34D3C-9FB3-4A1F-88E3-88338FAE1DBB}.AppStore|Any CPU.Build.0 = Release|Any CPU
		{C5B34D3C-9FB3-4A1F-88E3-88338FAE1DBB}.AppStore|Any CPU.Deploy.0 = Release|Any CPU
		{C5B34D3C-9FB3-4A1F-88E3-88338FAE1DBB}.AppStore|ARM.ActiveCfg = Release|ARM
		{C5B34D3C-9FB3-4A1F-88E3-88338FAE1DBB}.AppStore|ARM.Build.0 = Release|ARM
		{C5B34D3C-9FB3-4A1F-88E3-88338FAE1DBB}.AppStore|ARM.Deploy.0 = Release|ARM
		{C5B34D3C-9FB3-4A1F-88E3-88338FAE1DBB}.AppStore|iPhone.ActiveCfg = Release|Any CPU
		{C5B34D3C-9FB3-4A1F-88E3-88338FAE1DBB}.AppStore|iPhone.Build.0 = Release|Any CPU
		{C5B34D3C-9FB3-4A1F-88E3-88338FAE1DBB}.AppStore|iPhone.Deploy.0 = Release|Any CPU
		{C5B34D3C-9FB3-4A1F-88E3-88338FAE1DBB}.AppStore|iPhoneSimulator.ActiveCfg = Release|Any CPU
		{C5B34D3C-9FB3-4A1F-88E3-88338FAE1DBB}.AppStore|iPhoneSimulator.Build.0 = Release|Any CPU
		{C5B34D3C-9FB3-4A1F-88E3-88338FAE1DBB}.AppStore|iPhoneSimulator.Deploy.0 = Release|Any CPU
		{C5B34D3C-9FB3-4A1F-88E3-88338FAE1DBB}.AppStore|x64.ActiveCfg = Release|x64
		{C5B34D3C-9FB3-4A1F-88E3-88338FAE1DBB}.AppStore|x64.Build.0 = Release|x64
		{C5B34D3C-9FB3-4A1F-88E3-88338FAE1DBB}.AppStore|x64.Deploy.0 = Release|x64
		{C5B34D3C-9FB3-4A1F-88E3-88338FAE1DBB}.AppStore|x86.ActiveCfg = Release|x86
		{C5B34D3C-9FB3-4A1F-88E3-88338FAE1DBB}.AppStore|x86.Build.0 = Release|x86
		{C5B34D3C-9FB3-4A1F-88E3-88338FAE1DBB}.AppStore|x86.Deploy.0 = Release|x86
		{C5B34D3C-9FB3-4A1F-88E3-88338FAE1DBB}.Debug|Any CPU.ActiveCfg = Debug|Any CPU
		{C5B34D3C-9FB3-4A1F-88E3-88338FAE1DBB}.Debug|Any CPU.Build.0 = Debug|Any CPU
		{C5B34D3C-9FB3-4A1F-88E3-88338FAE1DBB}.Debug|Any CPU.Deploy.0 = Debug|Any CPU
		{C5B34D3C-9FB3-4A1F-88E3-88338FAE1DBB}.Debug|ARM.ActiveCfg = Debug|ARM
		{C5B34D3C-9FB3-4A1F-88E3-88338FAE1DBB}.Debug|ARM.Build.0 = Debug|ARM
		{C5B34D3C-9FB3-4A1F-88E3-88338FAE1DBB}.Debug|ARM.Deploy.0 = Debug|ARM
		{C5B34D3C-9FB3-4A1F-88E3-88338FAE1DBB}.Debug|iPhone.ActiveCfg = Debug|Any CPU
		{C5B34D3C-9FB3-4A1F-88E3-88338FAE1DBB}.Debug|iPhone.Build.0 = Debug|Any CPU
		{C5B34D3C-9FB3-4A1F-88E3-88338FAE1DBB}.Debug|iPhone.Deploy.0 = Debug|Any CPU
		{C5B34D3C-9FB3-4A1F-88E3-88338FAE1DBB}.Debug|iPhoneSimulator.ActiveCfg = Debug|Any CPU
		{C5B34D3C-9FB3-4A1F-88E3-88338FAE1DBB}.Debug|iPhoneSimulator.Build.0 = Debug|Any CPU
		{C5B34D3C-9FB3-4A1F-88E3-88338FAE1DBB}.Debug|iPhoneSimulator.Deploy.0 = Debug|Any CPU
		{C5B34D3C-9FB3-4A1F-88E3-88338FAE1DBB}.Debug|x64.ActiveCfg = Debug|x64
		{C5B34D3C-9FB3-4A1F-88E3-88338FAE1DBB}.Debug|x64.Build.0 = Debug|x64
		{C5B34D3C-9FB3-4A1F-88E3-88338FAE1DBB}.Debug|x64.Deploy.0 = Debug|x64
		{C5B34D3C-9FB3-4A1F-88E3-88338FAE1DBB}.Debug|x86.ActiveCfg = Debug|x86
		{C5B34D3C-9FB3-4A1F-88E3-88338FAE1DBB}.Debug|x86.Build.0 = Debug|x86
		{C5B34D3C-9FB3-4A1F-88E3-88338FAE1DBB}.Debug|x86.Deploy.0 = Debug|x86
		{C5B34D3C-9FB3-4A1F-88E3-88338FAE1DBB}.Release|Any CPU.ActiveCfg = Release|Any CPU
		{C5B34D3C-9FB3-4A1F-88E3-88338FAE1DBB}.Release|Any CPU.Build.0 = Release|Any CPU
		{C5B34D3C-9FB3-4A1F-88E3-88338FAE1DBB}.Release|Any CPU.Deploy.0 = Release|Any CPU
		{C5B34D3C-9FB3-4A1F-88E3-88338FAE1DBB}.Release|ARM.ActiveCfg = Release|ARM
		{C5B34D3C-9FB3-4A1F-88E3-88338FAE1DBB}.Release|ARM.Build.0 = Release|ARM
		{C5B34D3C-9FB3-4A1F-88E3-88338FAE1DBB}.Release|ARM.Deploy.0 = Release|ARM
		{C5B34D3C-9FB3-4A1F-88E3-88338FAE1DBB}.Release|iPhone.ActiveCfg = Release|Any CPU
		{C5B34D3C-9FB3-4A1F-88E3-88338FAE1DBB}.Release|iPhone.Build.0 = Release|Any CPU
		{C5B34D3C-9FB3-4A1F-88E3-88338FAE1DBB}.Release|iPhone.Deploy.0 = Release|Any CPU
		{C5B34D3C-9FB3-4A1F-88E3-88338FAE1DBB}.Release|iPhoneSimulator.ActiveCfg = Release|Any CPU
		{C5B34D3C-9FB3-4A1F-88E3-88338FAE1DBB}.Release|iPhoneSimulator.Build.0 = Release|Any CPU
		{C5B34D3C-9FB3-4A1F-88E3-88338FAE1DBB}.Release|iPhoneSimulator.Deploy.0 = Release|Any CPU
		{C5B34D3C-9FB3-4A1F-88E3-88338FAE1DBB}.Release|x64.ActiveCfg = Release|x64
		{C5B34D3C-9FB3-4A1F-88E3-88338FAE1DBB}.Release|x64.Build.0 = Release|x64
		{C5B34D3C-9FB3-4A1F-88E3-88338FAE1DBB}.Release|x64.Deploy.0 = Release|x64
		{C5B34D3C-9FB3-4A1F-88E3-88338FAE1DBB}.Release|x86.ActiveCfg = Release|x86
		{C5B34D3C-9FB3-4A1F-88E3-88338FAE1DBB}.Release|x86.Build.0 = Release|x86
		{C5B34D3C-9FB3-4A1F-88E3-88338FAE1DBB}.Release|x86.Deploy.0 = Release|x86
	EndGlobalSection
	GlobalSection(SolutionProperties) = preSolution
		HideSolutionNode = FALSE
	EndGlobalSection
EndGlobal
